// !$*UTF8*$!
{
	archiveVersion = 1;
	classes = {
	};
	objectVersion = 46;
	objects = {

/* Begin PBXBuildFile section */
		3C6C3A851B2F63E7004103DC /* main.m in Sources */ = {isa = PBXBuildFile; fileRef = 3C6C3A841B2F63E7004103DC /* main.m */; };
		3C6C3A881B2F63E7004103DC /* AppDelegate.m in Sources */ = {isa = PBXBuildFile; fileRef = 3C6C3A871B2F63E7004103DC /* AppDelegate.m */; };
		3C6C3A8B1B2F63E7004103DC /* ViewController.m in Sources */ = {isa = PBXBuildFile; fileRef = 3C6C3A8A1B2F63E7004103DC /* ViewController.m */; };
		3C6C3A8E1B2F63E7004103DC /* Main.storyboard in Resources */ = {isa = PBXBuildFile; fileRef = 3C6C3A8C1B2F63E7004103DC /* Main.storyboard */; };
		3C6C3A901B2F63E7004103DC /* Images.xcassets in Resources */ = {isa = PBXBuildFile; fileRef = 3C6C3A8F1B2F63E7004103DC /* Images.xcassets */; };
		3C6C3A931B2F63E7004103DC /* LaunchScreen.xib in Resources */ = {isa = PBXBuildFile; fileRef = 3C6C3A911B2F63E7004103DC /* LaunchScreen.xib */; };
		3C6C3A9F1B2F63E8004103DC /* AssignmentTests.m in Sources */ = {isa = PBXBuildFile; fileRef = 3C6C3A9E1B2F63E8004103DC /* AssignmentTests.m */; };
		3C6C3AAA1B2F65C6004103DC /* SecondViewController.m in Sources */ = {isa = PBXBuildFile; fileRef = 3C6C3AA91B2F65C6004103DC /* SecondViewController.m */; };
		3C6C3AAD1B2F670B004103DC /* thirdViewController.m in Sources */ = {isa = PBXBuildFile; fileRef = 3C6C3AAC1B2F670B004103DC /* thirdViewController.m */; };
		3C6C3AB01B2F68EE004103DC /* lion.jpg in Resources */ = {isa = PBXBuildFile; fileRef = 3C6C3AAF1B2F68EE004103DC /* lion.jpg */; };
/* End PBXBuildFile section */

/* Begin PBXContainerItemProxy section */
		3C6C3A991B2F63E8004103DC /* PBXContainerItemProxy */ = {
			isa = PBXContainerItemProxy;
			containerPortal = 3C6C3A771B2F63E7004103DC /* Project object */;
			proxyType = 1;
			remoteGlobalIDString = 3C6C3A7E1B2F63E7004103DC;
			remoteInfo = Assignment;
		};
/* End PBXContainerItemProxy section */

/* Begin PBXFileReference section */
		3C6C3A7F1B2F63E7004103DC /* Assignment.app */ = {isa = PBXFileReference; explicitFileType = wrapper.application; includeInIndex = 0; path = Assignment.app; sourceTree = BUILT_PRODUCTS_DIR; };
		3C6C3A831B2F63E7004103DC /* Info.plist */ = {isa = PBXFileReference; lastKnownFileType = text.plist.xml; path = Info.plist; sourceTree = "<group>"; };
		3C6C3A841B2F63E7004103DC /* main.m */ = {isa = PBXFileReference; lastKnownFileType = sourcecode.c.objc; path = main.m; sourceTree = "<group>"; };
		3C6C3A861B2F63E7004103DC /* AppDelegate.h */ = {isa = PBXFileReference; lastKnownFileType = sourcecode.c.h; path = AppDelegate.h; sourceTree = "<group>"; };
		3C6C3A871B2F63E7004103DC /* AppDelegate.m */ = {isa = PBXFileReference; lastKnownFileType = sourcecode.c.objc; path = AppDelegate.m; sourceTree = "<group>"; };
		3C6C3A891B2F63E7004103DC /* ViewController.h */ = {isa = PBXFileReference; lastKnownFileType = sourcecode.c.h; path = ViewController.h; sourceTree = "<group>"; };
		3C6C3A8A1B2F63E7004103DC /* ViewController.m */ = {isa = PBXFileReference; lastKnownFileType = sourcecode.c.objc; path = ViewController.m; sourceTree = "<group>"; };
		3C6C3A8D1B2F63E7004103DC /* Base */ = {isa = PBXFileReference; lastKnownFileType = file.storyboard; name = Base; path = Base.lproj/Main.storyboard; sourceTree = "<group>"; };
		3C6C3A8F1B2F63E7004103DC /* Images.xcassets */ = {isa = PBXFileReference; lastKnownFileType = folder.assetcatalog; path = Images.xcassets; sourceTree = "<group>"; };
		3C6C3A921B2F63E7004103DC /* Base */ = {isa = PBXFileReference; lastKnownFileType = file.xib; name = Base; path = Base.lproj/LaunchScreen.xib; sourceTree = "<group>"; };
		3C6C3A981B2F63E8004103DC /* AssignmentTests.xctest */ = {isa = PBXFileReference; explicitFileType = wrapper.cfbundle; includeInIndex = 0; path = AssignmentTests.xctest; sourceTree = BUILT_PRODUCTS_DIR; };
		3C6C3A9D1B2F63E8004103DC /* Info.plist */ = {isa = PBXFileReference; lastKnownFileType = text.plist.xml; path = Info.plist; sourceTree = "<group>"; };
		3C6C3A9E1B2F63E8004103DC /* AssignmentTests.m */ = {isa = PBXFileReference; lastKnownFileType = sourcecode.c.objc; path = AssignmentTests.m; sourceTree = "<group>"; };
		3C6C3AA81B2F65C6004103DC /* SecondViewController.h */ = {isa = PBXFileReference; fileEncoding = 4; lastKnownFileType = sourcecode.c.h; path = SecondViewController.h; sourceTree = "<group>"; };
		3C6C3AA91B2F65C6004103DC /* SecondViewController.m */ = {isa = PBXFileReference; fileEncoding = 4; lastKnownFileType = sourcecode.c.objc; path = SecondViewController.m; sourceTree = "<group>"; };
		3C6C3AAB1B2F670B004103DC /* thirdViewController.h */ = {isa = PBXFileReference; fileEncoding = 4; lastKnownFileType = sourcecode.c.h; path = thirdViewController.h; sourceTree = "<group>"; };
		3C6C3AAC1B2F670B004103DC /* thirdViewController.m */ = {isa = PBXFileReference; fileEncoding = 4; lastKnownFileType = sourcecode.c.objc; path = thirdViewController.m; sourceTree = "<group>"; };
		3C6C3AAF1B2F68EE004103DC /* lion.jpg */ = {isa = PBXFileReference; lastKnownFileType = image.jpeg; path = lion.jpg; sourceTree = "<group>"; };
/* End PBXFileReference section */

/* Begin PBXFrameworksBuildPhase section */
		3C6C3A7C1B2F63E7004103DC /* Frameworks */ = {
			isa = PBXFrameworksBuildPhase;
			buildActionMask = 2147483647;
			files = (
			);
			runOnlyForDeploymentPostprocessing = 0;
		};
		3C6C3A951B2F63E8004103DC /* Frameworks */ = {
			isa = PBXFrameworksBuildPhase;
			buildActionMask = 2147483647;
			files = (
			);
			runOnlyForDeploymentPostprocessing = 0;
		};
/* End PBXFrameworksBuildPhase section */

/* Begin PBXGroup section */
		3C6C3A761B2F63E7004103DC = {
			isa = PBXGroup;
			children = (
				3C6C3A811B2F63E7004103DC /* Assignment */,
				3C6C3A9B1B2F63E8004103DC /* AssignmentTests */,
				3C6C3A801B2F63E7004103DC /* Products */,
			);
			sourceTree = "<group>";
		};
		3C6C3A801B2F63E7004103DC /* Products */ = {
			isa = PBXGroup;
			children = (
				3C6C3A7F1B2F63E7004103DC /* Assignment.app */,
				3C6C3A981B2F63E8004103DC /* AssignmentTests.xctest */,
			);
			name = Products;
			sourceTree = "<group>";
		};
		3C6C3A811B2F63E7004103DC /* Assignment */ = {
			isa = PBXGroup;
			children = (
				3C6C3AAE1B2F68D5004103DC /* images */,
				3C6C3A861B2F63E7004103DC /* AppDelegate.h */,
				3C6C3A871B2F63E7004103DC /* AppDelegate.m */,
				3C6C3A891B2F63E7004103DC /* ViewController.h */,
				3C6C3A8A1B2F63E7004103DC /* ViewController.m */,
				3C6C3A8C1B2F63E7004103DC /* Main.storyboard */,
				3C6C3AA81B2F65C6004103DC /* SecondViewController.h */,
				3C6C3AA91B2F65C6004103DC /* SecondViewController.m */,
				3C6C3AAB1B2F670B004103DC /* thirdViewController.h */,
				3C6C3AAC1B2F670B004103DC /* thirdViewController.m */,
				3C6C3A8F1B2F63E7004103DC /* Images.xcassets */,
				3C6C3A911B2F63E7004103DC /* LaunchScreen.xib */,
				3C6C3A821B2F63E7004103DC /* Supporting Files */,
			);
			path = Assignment;
			sourceTree = "<group>";
		};
		3C6C3A821B2F63E7004103DC /* Supporting Files */ = {
			isa = PBXGroup;
			children = (
				3C6C3A831B2F63E7004103DC /* Info.plist */,
				3C6C3A841B2F63E7004103DC /* main.m */,
			);
			name = "Supporting Files";
			sourceTree = "<group>";
		};
		3C6C3A9B1B2F63E8004103DC /* AssignmentTests */ = {
			isa = PBXGroup;
			children = (
				3C6C3A9E1B2F63E8004103DC /* AssignmentTests.m */,
				3C6C3A9C1B2F63E8004103DC /* Supporting Files */,
			);
			path = AssignmentTests;
			sourceTree = "<group>";
		};
		3C6C3A9C1B2F63E8004103DC /* Supporting Files */ = {
			isa = PBXGroup;
			children = (
				3C6C3A9D1B2F63E8004103DC /* Info.plist */,
			);
			name = "Supporting Files";
			sourceTree = "<group>";
		};
		3C6C3AAE1B2F68D5004103DC /* images */ = {
			isa = PBXGroup;
			children = (
				3C6C3AAF1B2F68EE004103DC /* lion.jpg */,
			);
			name = images;
			sourceTree = "<group>";
		};
/* End PBXGroup section */

/* Begin PBXNativeTarget section */
		3C6C3A7E1B2F63E7004103DC /* Assignment */ = {
			isa = PBXNativeTarget;
			buildConfigurationList = 3C6C3AA21B2F63E8004103DC /* Build configuration list for PBXNativeTarget "Assignment" */;
			buildPhases = (
				3C6C3A7B1B2F63E7004103DC /* Sources */,
				3C6C3A7C1B2F63E7004103DC /* Frameworks */,
				3C6C3A7D1B2F63E7004103DC /* Resources */,
			);
			buildRules = (
			);
			dependencies = (
			);
			name = Assignment;
			productName = Assignment;
			productReference = 3C6C3A7F1B2F63E7004103DC /* Assignment.app */;
			productType = "com.apple.product-type.application";
		};
		3C6C3A971B2F63E8004103DC /* AssignmentTests */ = {
			isa = PBXNativeTarget;
			buildConfigurationList = 3C6C3AA51B2F63E8004103DC /* Build configuration list for PBXNativeTarget "AssignmentTests" */;
			buildPhases = (
				3C6C3A941B2F63E8004103DC /* Sources */,
				3C6C3A951B2F63E8004103DC /* Frameworks */,
				3C6C3A961B2F63E8004103DC /* Resources */,
			);
			buildRules = (
			);
			dependencies = (
				3C6C3A9A1B2F63E8004103DC /* PBXTargetDependency */,
			);
			name = AssignmentTests;
			productName = AssignmentTests;
			productReference = 3C6C3A981B2F63E8004103DC /* AssignmentTests.xctest */;
			productType = "com.apple.product-type.bundle.unit-test";
		};
/* End PBXNativeTarget section */

/* Begin PBXProject section */
		3C6C3A771B2F63E7004103DC /* Project object */ = {
			isa = PBXProject;
			attributes = {
				LastUpgradeCheck = 0630;
				ORGANIZATIONNAME = UMKC;
				TargetAttributes = {
					3C6C3A7E1B2F63E7004103DC = {
						CreatedOnToolsVersion = 6.3.2;
					};
					3C6C3A971B2F63E8004103DC = {
						CreatedOnToolsVersion = 6.3.2;
						TestTargetID = 3C6C3A7E1B2F63E7004103DC;
					};
				};
			};
			buildConfigurationList = 3C6C3A7A1B2F63E7004103DC /* Build configuration list for PBXProject "Assignment" */;
			compatibilityVersion = "Xcode 3.2";
			developmentRegion = English;
			hasScannedForEncodings = 0;
			knownRegions = (
				en,
				Base,
			);
			mainGroup = 3C6C3A761B2F63E7004103DC;
			productRefGroup = 3C6C3A801B2F63E7004103DC /* Products */;
			projectDirPath = "";
			projectRoot = "";
			targets = (
				3C6C3A7E1B2F63E7004103DC /* Assignment */,
				3C6C3A971B2F63E8004103DC /* AssignmentTests */,
			);
		};
/* End PBXProject section */

/* Begin PBXResourcesBuildPhase section */
		3C6C3A7D1B2F63E7004103DC /* Resources */ = {
			isa = PBXResourcesBuildPhase;
			buildActionMask = 2147483647;
			files = (
				3C6C3A8E1B2F63E7004103DC /* Main.storyboard in Resources */,
				3C6C3AB01B2F68EE004103DC /* lion.jpg in Resources */,
				3C6C3A931B2F63E7004103DC /* LaunchScreen.xib in Resources */,
				3C6C3A901B2F63E7004103DC /* Images.xcassets in Resources */,
			);
			runOnlyForDeploymentPostprocessing = 0;
		};
		3C6C3A961B2F63E8004103DC /* Resources */ = {
			isa = PBXResourcesBuildPhase;
			buildActionMask = 2147483647;
			files = (
			);
			runOnlyForDeploymentPostprocessing = 0;
		};
/* End PBXResourcesBuildPhase section */

/* Begin PBXSourcesBuildPhase section */
		3C6C3A7B1B2F63E7004103DC /* Sources */ = {
			isa = PBXSourcesBuildPhase;
			buildActionMask = 2147483647;
			files = (
				3C6C3AAA1B2F65C6004103DC /* SecondViewController.m in Sources */,
				3C6C3A8B1B2F63E7004103DC /* ViewController.m in Sources */,
				3C6C3A881B2F63E7004103DC /* AppDelegate.m in Sources */,
				3C6C3A851B2F63E7004103DC /* main.m in Sources */,
				3C6C3AAD1B2F670B004103DC /* thirdViewController.m in Sources */,
			);
			runOnlyForDeploymentPostprocessing = 0;
		};
		3C6C3A941B2F63E8004103DC /* Sources */ = {
			isa = PBXSourcesBuildPhase;
			buildActionMask = 2147483647;
			files = (
				3C6C3A9F1B2F63E8004103DC /* AssignmentTests.m in Sources */,
			);
			runOnlyForDeploymentPostprocessing = 0;
		};
/* End PBXSourcesBuildPhase section */

/* Begin PBXTargetDependency section */
		3C6C3A9A1B2F63E8004103DC /* PBXTargetDependency */ = {
			isa = PBXTargetDependency;
			target = 3C6C3A7E1B2F63E7004103DC /* Assignment */;
			targetProxy = 3C6C3A991B2F63E8004103DC /* PBXContainerItemProxy */;
		};
/* End PBXTargetDependency section */

/* Begin PBXVariantGroup section */
		3C6C3A8C1B2F63E7004103DC /* Main.storyboard */ = {
			isa = PBXVariantGroup;
			children = (
				3C6C3A8D1B2F63E7004103DC /* Base */,
			);
			name = Main.storyboard;
			sourceTree = "<group>";
		};
		3C6C3A911B2F63E7004103DC /* LaunchScreen.xib */ = {
			isa = PBXVariantGroup;
			children = (
				3C6C3A921B2F63E7004103DC /* Base */,
			);
			name = LaunchScreen.xib;
			sourceTree = "<group>";
		};
/* End PBXVariantGroup section */

/* Begin XCBuildConfiguration section */
		3C6C3AA01B2F63E8004103DC /* Debug */ = {
			isa = XCBuildConfiguration;
			buildSettings = {
				ALWAYS_SEARCH_USER_PATHS = NO;
				CLANG_CXX_LANGUAGE_STANDARD = "gnu++0x";
				CLANG_CXX_LIBRARY = "libc++";
				CLANG_ENABLE_MODULES = YES;
				CLANG_ENABLE_OBJC_ARC = YES;
				CLANG_WARN_BOOL_CONVERSION = YES;
				CLANG_WARN_CONSTANT_CONVERSION = YES;
				CLANG_WARN_DIRECT_OBJC_ISA_USAGE = YES_ERROR;
				CLANG_WARN_EMPTY_BODY = YES;
				CLANG_WARN_ENUM_CONVERSION = YES;
				CLANG_WARN_INT_CONVERSION = YES;
				CLANG_WARN_OBJC_ROOT_CLASS = YES_ERROR;
				CLANG_WARN_UNREACHABLE_CODE = YES;
				CLANG_WARN__DUPLICATE_METHOD_MATCH = YES;
				"CODE_SIGN_IDENTITY[sdk=iphoneos*]" = "iPhone Developer";
				COPY_PHASE_STRIP = NO;
				DEBUG_INFORMATION_FORMAT = "dwarf-with-dsym";
				ENABLE_STRICT_OBJC_MSGSEND = YES;
				GCC_C_LANGUAGE_STANDARD = gnu99;
				GCC_DYNAMIC_NO_PIC = NO;
				GCC_NO_COMMON_BLOCKS = YES;
				GCC_OPTIMIZATION_LEVEL = 0;
				GCC_PREPROCESSOR_DEFINITIONS = (
					"DEBUG=1",
					"$(inherited)",
				);
				GCC_SYMBOLS_PRIVATE_EXTERN = NO;
				GCC_WARN_64_TO_32_BIT_CONVERSION = YES;
				GCC_WARN_ABOUT_RETURN_TYPE = YES_ERROR;
				GCC_WARN_UNDECLARED_SELECTOR = YES;
				GCC_WARN_UNINITIALIZED_AUTOS = YES_AGGRESSIVE;
				GCC_WARN_UNUSED_FUNCTION = YES;
				GCC_WARN_UNUSED_VARIABLE = YES;
				IPHONEOS_DEPLOYMENT_TARGET = 8.3;
				MTL_ENABLE_DEBUG_INFO = YES;
				ONLY_ACTIVE_ARCH = YES;
				SDKROOT = iphoneos;
			};
			name = Debug;
		};
		3C6C3AA11B2F63E8004103DC /* Release */ = {
			isa = XCBuildConfiguration;
			buildSettings = {
				ALWAYS_SEARCH_USER_PATHS = NO;
				CLANG_CXX_LANGUAGE_STANDARD = "gnu++0x";
				CLANG_CXX_LIBRARY = "libc++";
				CLANG_ENABLE_MODULES = YES;
				CLANG_ENABLE_OBJC_ARC = YES;
				CLANG_WARN_BOOL_CONVERSION = YES;
				CLANG_WARN_CONSTANT_CONVERSION = YES;
				CLANG_WARN_DIRECT_OBJC_ISA_USAGE = YES_ERROR;
				CLANG_WARN_EMPTY_BODY = YES;
				CLANG_WARN_ENUM_CONVERSION = YES;
				CLANG_WARN_INT_CONVERSION = YES;
				CLANG_WARN_OBJC_ROOT_CLASS = YES_ERROR;
				CLANG_WARN_UNREACHABLE_CODE = YES;
				CLANG_WARN__DUPLICATE_METHOD_MATCH = YES;
				"CODE_SIGN_IDENTITY[sdk=iphoneos*]" = "iPhone Developer";
				COPY_PHASE_STRIP = NO;
				DEBUG_INFORMATION_FORMAT = "dwarf-with-dsym";
				ENABLE_NS_ASSERTIONS = NO;
				ENABLE_STRICT_OBJC_MSGSEND = YES;
				GCC_C_LANGUAGE_STANDARD = gnu99;
				GCC_NO_COMMON_BLOCKS = YES;
				GCC_WARN_64_TO_32_BIT_CONVERSION = YES;
				GCC_WARN_ABOUT_RETURN_TYPE = YES_ERROR;
				GCC_WARN_UNDECLARED_SELECTOR = YES;
				GCC_WARN_UNINITIALIZED_AUTOS = YES_AGGRESSIVE;
				GCC_WARN_UNUSED_FUNCTION = YES;
				GCC_WARN_UNUSED_VARIABLE = YES;
				IPHONEOS_DEPLOYMENT_TARGET = 8.3;
				MTL_ENABLE_DEBUG_INFO = NO;
				SDKROOT = iphoneos;
				VALIDATE_PRODUCT = YES;
			};
			name = Release;
		};
		3C6C3AA31B2F63E8004103DC /* Debug */ = {
			isa = XCBuildConfiguration;
			buildSettings = {
				ASSETCATALOG_COMPILER_APPICON_NAME = AppIcon;
				INFOPLIST_FILE = Assignment/Info.plist;
				LD_RUNPATH_SEARCH_PATHS = "$(inherited) @executable_path/Frameworks";
				PRODUCT_NAME = "$(TARGET_NAME)";
			};
			name = Debug;
		};
		3C6C3AA41B2F63E8004103DC /* Release */ = {
			isa = XCBuildConfiguration;
			buildSettings = {
				ASSETCATALOG_COMPILER_APPICON_NAME = AppIcon;
				INFOPLIST_FILE = Assignment/Info.plist;
				LD_RUNPATH_SEARCH_PATHS = "$(inherited) @executable_path/Frameworks";
				PRODUCT_NAME = "$(TARGET_NAME)";
			};
			name = Release;
		};
		3C6C3AA61B2F63E8004103DC /* Debug */ = {
			isa = XCBuildConfiguration;
			buildSettings = {
				BUNDLE_LOADER = "$(TEST_HOST)";
				FRAMEWORK_SEARCH_PATHS = (
					"$(SDKROOT)/Developer/Library/Frameworks",
					"$(inherited)",
				);
				GCC_PREPROCESSOR_DEFINITIONS = (
					"DEBUG=1",
					"$(inherited)",
				);
				INFOPLIST_FILE = AssignmentTests/Info.plist;
				LD_RUNPATH_SEARCH_PATHS = "$(inherited) @executable_path/Frameworks @loader_path/Frameworks";
				PRODUCT_NAME = "$(TARGET_NAME)";
				TEST_HOST = "$(BUILT_PRODUCTS_DIR)/Assignment.app/Assignment";
			};
			name = Debug;
		};
		3C6C3AA71B2F63E8004103DC /* Release */ = {
			isa = XCBuildConfiguration;
			buildSettings = {
				BUNDLE_LOADER = "$(TEST_HOST)";
				FRAMEWORK_SEARCH_PATHS = (
					"$(SDKROOT)/Developer/Library/Frameworks",
					"$(inherited)",
				);
				INFOPLIST_FILE = AssignmentTests/Info.plist;
				LD_RUNPATH_SEARCH_PATHS = "$(inherited) @executable_path/Frameworks @loader_path/Frameworks";
				PRODUCT_NAME = "$(TARGET_NAME)";
				TEST_HOST = "$(BUILT_PRODUCTS_DIR)/Assignment.app/Assignment";
			};
			name = Release;
		};
/* End XCBuildConfiguration section */

/* Begin XCConfigurationList section */
		3C6C3A7A1B2F63E7004103DC /* Build configuration list for PBXProject "Assignment" */ = {
			isa = XCConfigurationList;
			buildConfigurations = (
				3C6C3AA01B2F63E8004103DC /* Debug */,
				3C6C3AA11B2F63E8004103DC /* Release */,
			);
			defaultConfigurationIsVisible = 0;
			defaultConfigurationName = Release;
		};
		3C6C3AA21B2F63E8004103DC /* Build configuration list for PBXNativeTarget "Assignment" */ = {
			isa = XCConfigurationList;
			buildConfigurations = (
				3C6C3AA31B2F63E8004103DC /* Debug */,
				3C6C3AA41B2F63E8004103DC /* Release */,
			);
			defaultConfigurationIsVisible = 0;
		};
		3C6C3AA51B2F63E8004103DC /* Build configuration list for PBXNativeTarget "AssignmentTests" */ = {
			isa = XCConfigurationList;
			buildConfigurations = (
				3C6C3AA61B2F63E8004103DC /* Debug */,
				3C6C3AA71B2F63E8004103DC /* Release */,
			);
			defaultConfigurationIsVisible = 0;
		};
/* End XCConfigurationList section */
	};
	rootObject = 3C6C3A771B2F63E7004103DC /* Project object */;
}
